
Microsoft Visual Studio Solution File, Format Version 12.00
# Visual Studio Version 17
VisualStudioVersion = 17.1.32328.378
MinimumVisualStudioVersion = 10.0.40219.1
Project("{9A19103F-16F7-4668-BE54-9A1E7A4F7556}") = "Trimble.FieldLink.Project.Sample", "Trimble.FieldLink.Project.Sample.csproj", "{07E80F5B-2F8B-4CD0-9615-29603F86AC6C}"
EndProject
Global
	GlobalSection(SolutionConfigurationPlatforms) = preSolution
		Debug|Any CPU = Debug|Any CPU
		Release|Any CPU = Release|Any CPU
	EndGlobalSection
	GlobalSection(ProjectConfigurationPlatforms) = postSolution
		{07E80F5B-2F8B-4CD0-9615-29603F86AC6C}.Debug|Any CPU.ActiveCfg = Debug|Any CPU
		{07E80F5B-2F8B-4CD0-9615-29603F86AC6C}.Debug|Any CPU.Build.0 = Debug|Any CPU
		{07E80F5B-2F8B-4CD0-9615-29603F86AC6C}.Release|Any CPU.ActiveCfg = Release|Any CPU
		{07E80F5B-2F8B-4CD0-9615-29603F86AC6C}.Release|Any CPU.Build.0 = Release|Any CPU
	EndGlobalSection
	GlobalSection(SolutionProperties) = preSolution
		HideSolutionNode = FALSE
	EndGlobalSection
	GlobalSection(ExtensibilityGlobals) = postSolution
		SolutionGuid = {B75779B5-D865-45CF-867F-22AB1521E5B3}
	EndGlobalSection
EndGlobal
